
Microsoft Visual Studio Solution File, Format Version 12.00
# Visual Studio Version 17
VisualStudioVersion = 17.8.34408.163
MinimumVisualStudioVersion = 10.0.40219.1
Project("{FAE04EC0-301F-11D3-BF4B-00C04F79EFBC}") = "Giga mega ultra dobro uprajnenie", "Giga mega ultra dobro uprajnenie\Giga mega ultra dobro uprajnenie.csproj", "{195024FE-1203-49F1-ABE7-BB5BE867AD57}"
EndProject
Global
	GlobalSection(SolutionConfigurationPlatforms) = preSolution
		Debug|Any CPU = Debug|Any CPU
		Release|Any CPU = Release|Any CPU
	EndGlobalSection
	GlobalSection(ProjectConfigurationPlatforms) = postSolution
		{195024FE-1203-49F1-ABE7-BB5BE867AD57}.Debug|Any CPU.ActiveCfg = Debug|Any CPU
		{195024FE-1203-49F1-ABE7-BB5BE867AD57}.Debug|Any CPU.Build.0 = Debug|Any CPU
		{195024FE-1203-49F1-ABE7-BB5BE867AD57}.Release|Any CPU.ActiveCfg = Release|Any CPU
		{195024FE-1203-49F1-ABE7-BB5BE867AD57}.Release|Any CPU.Build.0 = Release|Any CPU
	EndGlobalSection
	GlobalSection(SolutionProperties) = preSolution
		HideSolutionNode = FALSE
	EndGlobalSection
	GlobalSection(ExtensibilityGlobals) = postSolution
		SolutionGuid = {4D5F7F02-FF10-4C2D-9A16-2B05A627B23A}
	EndGlobalSection
EndGlobal
